// !$*UTF8*$!
{
	archiveVersion = 1;
	classes = {
	};
	objectVersion = 56;
	objects = {

/* Begin PBXBuildFile section */
		692035482C5490460069C1ED /* AppUpdaterHelper.swift in Sources */ = {isa = PBXBuildFile; fileRef = 692035472C5490460069C1ED /* AppUpdaterHelper.swift */; };
		6983945F2BDB8C58004B5C11 /* AppUpdaterExampleApp.swift in Sources */ = {isa = PBXBuildFile; fileRef = 6983945E2BDB8C58004B5C11 /* AppUpdaterExampleApp.swift */; };
		698394612BDB8C58004B5C11 /* ContentView.swift in Sources */ = {isa = PBXBuildFile; fileRef = 698394602BDB8C58004B5C11 /* ContentView.swift */; };
		698394632BDB8C5A004B5C11 /* Assets.xcassets in Resources */ = {isa = PBXBuildFile; fileRef = 698394622BDB8C5A004B5C11 /* Assets.xcassets */; };
		698394662BDB8C5A004B5C11 /* Preview Assets.xcassets in Resources */ = {isa = PBXBuildFile; fileRef = 698394652BDB8C5A004B5C11 /* Preview Assets.xcassets */; };
		698394742BDB8D3B004B5C11 /* AppUpdater in Frameworks */ = {isa = PBXBuildFile; productRef = 698394732BDB8D3B004B5C11 /* AppUpdater */; };
		6983DB8D2C4EC0120033FE92 /* GithubProxy.swift in Sources */ = {isa = PBXBuildFile; fileRef = 6983DB8C2C4EC0120033FE92 /* GithubProxy.swift */; };
/* End PBXBuildFile section */

/* Begin PBXFileReference section */
		692035472C5490460069C1ED /* AppUpdaterHelper.swift */ = {isa = PBXFileReference; lastKnownFileType = sourcecode.swift; path = AppUpdaterHelper.swift; sourceTree = "<group>"; };
		6983945B2BDB8C58004B5C11 /* AppUpdaterExample.app */ = {isa = PBXFileReference; explicitFileType = wrapper.application; includeInIndex = 0; path = AppUpdaterExample.app; sourceTree = BUILT_PRODUCTS_DIR; };
		6983945E2BDB8C58004B5C11 /* AppUpdaterExampleApp.swift */ = {isa = PBXFileReference; lastKnownFileType = sourcecode.swift; path = AppUpdaterExampleApp.swift; sourceTree = "<group>"; };
		698394602BDB8C58004B5C11 /* ContentView.swift */ = {isa = PBXFileReference; lastKnownFileType = sourcecode.swift; path = ContentView.swift; sourceTree = "<group>"; };
		698394622BDB8C5A004B5C11 /* Assets.xcassets */ = {isa = PBXFileReference; lastKnownFileType = folder.assetcatalog; path = Assets.xcassets; sourceTree = "<group>"; };
		698394652BDB8C5A004B5C11 /* Preview Assets.xcassets */ = {isa = PBXFileReference; lastKnownFileType = folder.assetcatalog; path = "Preview Assets.xcassets"; sourceTree = "<group>"; };
		698394672BDB8C5A004B5C11 /* AppUpdaterExample.entitlements */ = {isa = PBXFileReference; lastKnownFileType = text.plist.entitlements; path = AppUpdaterExample.entitlements; sourceTree = "<group>"; };
		698394712BDB8D1E004B5C11 /* AppUpdater */ = {isa = PBXFileReference; lastKnownFileType = wrapper; name = AppUpdater; path = ../../..; sourceTree = "<group>"; };
		6983DB8C2C4EC0120033FE92 /* GithubProxy.swift */ = {isa = PBXFileReference; fileEncoding = 4; lastKnownFileType = sourcecode.swift; path = GithubProxy.swift; sourceTree = "<group>"; };
/* End PBXFileReference section */

/* Begin PBXFrameworksBuildPhase section */
		698394582BDB8C58004B5C11 /* Frameworks */ = {
			isa = PBXFrameworksBuildPhase;
			buildActionMask = 2147483647;
			files = (
				698394742BDB8D3B004B5C11 /* AppUpdater in Frameworks */,
			);
			runOnlyForDeploymentPostprocessing = 0;
		};
/* End PBXFrameworksBuildPhase section */

/* Begin PBXGroup section */
		698394522BDB8C58004B5C11 = {
			isa = PBXGroup;
			children = (
				6983946D2BDB8C6A004B5C11 /* Packages */,
				6983945D2BDB8C58004B5C11 /* AppUpdaterExample */,
				6983945C2BDB8C58004B5C11 /* Products */,
				698394722BDB8D3B004B5C11 /* Frameworks */,
			);
			sourceTree = "<group>";
		};
		6983945C2BDB8C58004B5C11 /* Products */ = {
			isa = PBXGroup;
			children = (
				6983945B2BDB8C58004B5C11 /* AppUpdaterExample.app */,
			);
			name = Products;
			sourceTree = "<group>";
		};
		6983945D2BDB8C58004B5C11 /* AppUpdaterExample */ = {
			isa = PBXGroup;
			children = (
				6983DB8C2C4EC0120033FE92 /* GithubProxy.swift */,
				6983945E2BDB8C58004B5C11 /* AppUpdaterExampleApp.swift */,
				692035472C5490460069C1ED /* AppUpdaterHelper.swift */,
				698394602BDB8C58004B5C11 /* ContentView.swift */,
				698394622BDB8C5A004B5C11 /* Assets.xcassets */,
				698394672BDB8C5A004B5C11 /* AppUpdaterExample.entitlements */,
				698394642BDB8C5A004B5C11 /* Preview Content */,
			);
			path = AppUpdaterExample;
			sourceTree = "<group>";
		};
		698394642BDB8C5A004B5C11 /* Preview Content */ = {
			isa = PBXGroup;
			children = (
				698394652BDB8C5A004B5C11 /* Preview Assets.xcassets */,
			);
			path = "Preview Content";
			sourceTree = "<group>";
		};
		6983946D2BDB8C6A004B5C11 /* Packages */ = {
			isa = PBXGroup;
			children = (
				698394712BDB8D1E004B5C11 /* AppUpdater */,
			);
			path = Packages;
			sourceTree = "<group>";
		};
		698394722BDB8D3B004B5C11 /* Frameworks */ = {
			isa = PBXGroup;
			children = (
			);
			name = Frameworks;
			sourceTree = "<group>";
		};
/* End PBXGroup section */

/* Begin PBXNativeTarget section */
		6983945A2BDB8C58004B5C11 /* AppUpdaterExample */ = {
			isa = PBXNativeTarget;
			buildConfigurationList = 6983946A2BDB8C5A004B5C11 /* Build configuration list for PBXNativeTarget "AppUpdaterExample" */;
			buildPhases = (
				698394572BDB8C58004B5C11 /* Sources */,
				698394582BDB8C58004B5C11 /* Frameworks */,
				698394592BDB8C58004B5C11 /* Resources */,
			);
			buildRules = (
			);
			dependencies = (
			);
			name = AppUpdaterExample;
			packageProductDependencies = (
				698394732BDB8D3B004B5C11 /* AppUpdater */,
			);
			productName = AppUpdaterExample;
			productReference = 6983945B2BDB8C58004B5C11 /* AppUpdaterExample.app */;
			productType = "com.apple.product-type.application";
		};
/* End PBXNativeTarget section */

/* Begin PBXProject section */
		698394532BDB8C58004B5C11 /* Project object */ = {
			isa = PBXProject;
			attributes = {
				BuildIndependentTargetsInParallel = 1;
				LastSwiftUpdateCheck = 1530;
				LastUpgradeCheck = 1530;
				TargetAttributes = {
					6983945A2BDB8C58004B5C11 = {
						CreatedOnToolsVersion = 15.3;
					};
				};
			};
			buildConfigurationList = 698394562BDB8C58004B5C11 /* Build configuration list for PBXProject "AppUpdaterExample" */;
			compatibilityVersion = "Xcode 14.0";
			developmentRegion = en;
			hasScannedForEncodings = 0;
			knownRegions = (
				en,
				Base,
			);
			mainGroup = 698394522BDB8C58004B5C11;
			packageReferences = (
			);
			productRefGroup = 6983945C2BDB8C58004B5C11 /* Products */;
			projectDirPath = "";
			projectRoot = "";
			targets = (
				6983945A2BDB8C58004B5C11 /* AppUpdaterExample */,
			);
		};
/* End PBXProject section */

/* Begin PBXResourcesBuildPhase section */
		698394592BDB8C58004B5C11 /* Resources */ = {
			isa = PBXResourcesBuildPhase;
			buildActionMask = 2147483647;
			files = (
				698394662BDB8C5A004B5C11 /* Preview Assets.xcassets in Resources */,
				698394632BDB8C5A004B5C11 /* Assets.xcassets in Resources */,
			);
			runOnlyForDeploymentPostprocessing = 0;
		};
/* End PBXResourcesBuildPhase section */

/* Begin PBXSourcesBuildPhase section */
		698394572BDB8C58004B5C11 /* Sources */ = {
			isa = PBXSourcesBuildPhase;
			buildActionMask = 2147483647;
			files = (
				698394612BDB8C58004B5C11 /* ContentView.swift in Sources */,
				6983DB8D2C4EC0120033FE92 /* GithubProxy.swift in Sources */,
				692035482C5490460069C1ED /* AppUpdaterHelper.swift in Sources */,
				6983945F2BDB8C58004B5C11 /* AppUpdaterExampleApp.swift in Sources */,
			);
			runOnlyForDeploymentPostprocessing = 0;
		};
/* End PBXSourcesBuildPhase section */

/* Begin XCBuildConfiguration section */
		698394682BDB8C5A004B5C11 /* Debug */ = {
			isa = XCBuildConfiguration;
			buildSettings = {
				ALWAYS_SEARCH_USER_PATHS = NO;
				ASSETCATALOG_COMPILER_GENERATE_SWIFT_ASSET_SYMBOL_EXTENSIONS = YES;
				CLANG_ANALYZER_NONNULL = YES;
				CLANG_ANALYZER_NUMBER_OBJECT_CONVERSION = YES_AGGRESSIVE;
				CLANG_CXX_LANGUAGE_STANDARD = "gnu++20";
				CLANG_ENABLE_MODULES = YES;
				CLANG_ENABLE_OBJC_ARC = YES;
				CLANG_ENABLE_OBJC_WEAK = YES;
				CLANG_WARN_BLOCK_CAPTURE_AUTORELEASING = YES;
				CLANG_WARN_BOOL_CONVERSION = YES;
				CLANG_WARN_COMMA = YES;
				CLANG_WARN_CONSTANT_CONVERSION = YES;
				CLANG_WARN_DEPRECATED_OBJC_IMPLEMENTATIONS = YES;
				CLANG_WARN_DIRECT_OBJC_ISA_USAGE = YES_ERROR;
				CLANG_WARN_DOCUMENTATION_COMMENTS = YES;
				CLANG_WARN_EMPTY_BODY = YES;
				CLANG_WARN_ENUM_CONVERSION = YES;
				CLANG_WARN_INFINITE_RECURSION = YES;
				CLANG_WARN_INT_CONVERSION = YES;
				CLANG_WARN_NON_LITERAL_NULL_CONVERSION = YES;
				CLANG_WARN_OBJC_IMPLICIT_RETAIN_SELF = YES;
				CLANG_WARN_OBJC_LITERAL_CONVERSION = YES;
				CLANG_WARN_OBJC_ROOT_CLASS = YES_ERROR;
				CLANG_WARN_QUOTED_INCLUDE_IN_FRAMEWORK_HEADER = YES;
				CLANG_WARN_RANGE_LOOP_ANALYSIS = YES;
				CLANG_WARN_STRICT_PROTOTYPES = YES;
				CLANG_WARN_SUSPICIOUS_MOVE = YES;
				CLANG_WARN_UNGUARDED_AVAILABILITY = YES_AGGRESSIVE;
				CLANG_WARN_UNREACHABLE_CODE = YES;
				CLANG_WARN__DUPLICATE_METHOD_MATCH = YES;
				COPY_PHASE_STRIP = NO;
				DEBUG_INFORMATION_FORMAT = dwarf;
				ENABLE_STRICT_OBJC_MSGSEND = YES;
				ENABLE_TESTABILITY = YES;
				ENABLE_USER_SCRIPT_SANDBOXING = YES;
				GCC_C_LANGUAGE_STANDARD = gnu17;
				GCC_DYNAMIC_NO_PIC = NO;
				GCC_NO_COMMON_BLOCKS = YES;
				GCC_OPTIMIZATION_LEVEL = 0;
				GCC_PREPROCESSOR_DEFINITIONS = (
					"DEBUG=1",
					"$(inherited)",
				);
				GCC_WARN_64_TO_32_BIT_CONVERSION = YES;
				GCC_WARN_ABOUT_RETURN_TYPE = YES_ERROR;
				GCC_WARN_UNDECLARED_SELECTOR = YES;
				GCC_WARN_UNINITIALIZED_AUTOS = YES_AGGRESSIVE;
				GCC_WARN_UNUSED_FUNCTION = YES;
				GCC_WARN_UNUSED_VARIABLE = YES;
				LOCALIZATION_PREFERS_STRING_CATALOGS = YES;
				MACOSX_DEPLOYMENT_TARGET = 12.0;
				MTL_ENABLE_DEBUG_INFO = INCLUDE_SOURCE;
				MTL_FAST_MATH = YES;
				ONLY_ACTIVE_ARCH = YES;
				SDKROOT = macosx;
				SWIFT_ACTIVE_COMPILATION_CONDITIONS = "DEBUG $(inherited)";
				SWIFT_OPTIMIZATION_LEVEL = "-Onone";
			};
			name = Debug;
		};
		698394692BDB8C5A004B5C11 /* Release */ = {
			isa = XCBuildConfiguration;
			buildSettings = {
				ALWAYS_SEARCH_USER_PATHS = NO;
				ASSETCATALOG_COMPILER_GENERATE_SWIFT_ASSET_SYMBOL_EXTENSIONS = YES;
				CLANG_ANALYZER_NONNULL = YES;
				CLANG_ANALYZER_NUMBER_OBJECT_CONVERSION = YES_AGGRESSIVE;
				CLANG_CXX_LANGUAGE_STANDARD = "gnu++20";
				CLANG_ENABLE_MODULES = YES;
				CLANG_ENABLE_OBJC_ARC = YES;
				CLANG_ENABLE_OBJC_WEAK = YES;
				CLANG_WARN_BLOCK_CAPTURE_AUTORELEASING = YES;
				CLANG_WARN_BOOL_CONVERSION = YES;
				CLANG_WARN_COMMA = YES;
				CLANG_WARN_CONSTANT_CONVERSION = YES;
				CLANG_WARN_DEPRECATED_OBJC_IMPLEMENTATIONS = YES;
				CLANG_WARN_DIRECT_OBJC_ISA_USAGE = YES_ERROR;
				CLANG_WARN_DOCUMENTATION_COMMENTS = YES;
				CLANG_WARN_EMPTY_BODY = YES;
				CLANG_WARN_ENUM_CONVERSION = YES;
				CLANG_WARN_INFINITE_RECURSION = YES;
				CLANG_WARN_INT_CONVERSION = YES;
				CLANG_WARN_NON_LITERAL_NULL_CONVERSION = YES;
				CLANG_WARN_OBJC_IMPLICIT_RETAIN_SELF = YES;
				CLANG_WARN_OBJC_LITERAL_CONVERSION = YES;
				CLANG_WARN_OBJC_ROOT_CLASS = YES_ERROR;
				CLANG_WARN_QUOTED_INCLUDE_IN_FRAMEWORK_HEADER = YES;
				CLANG_WARN_RANGE_LOOP_ANALYSIS = YES;
				CLANG_WARN_STRICT_PROTOTYPES = YES;
				CLANG_WARN_SUSPICIOUS_MOVE = YES;
				CLANG_WARN_UNGUARDED_AVAILABILITY = YES_AGGRESSIVE;
				CLANG_WARN_UNREACHABLE_CODE = YES;
				CLANG_WARN__DUPLICATE_METHOD_MATCH = YES;
				COPY_PHASE_STRIP = NO;
				DEBUG_INFORMATION_FORMAT = "dwarf-with-dsym";
				ENABLE_NS_ASSERTIONS = NO;
				ENABLE_STRICT_OBJC_MSGSEND = YES;
				ENABLE_USER_SCRIPT_SANDBOXING = YES;
				GCC_C_LANGUAGE_STANDARD = gnu17;
				GCC_NO_COMMON_BLOCKS = YES;
				GCC_WARN_64_TO_32_BIT_CONVERSION = YES;
				GCC_WARN_ABOUT_RETURN_TYPE = YES_ERROR;
				GCC_WARN_UNDECLARED_SELECTOR = YES;
				GCC_WARN_UNINITIALIZED_AUTOS = YES_AGGRESSIVE;
				GCC_WARN_UNUSED_FUNCTION = YES;
				GCC_WARN_UNUSED_VARIABLE = YES;
				LOCALIZATION_PREFERS_STRING_CATALOGS = YES;
				MACOSX_DEPLOYMENT_TARGET = 12.0;
				MTL_ENABLE_DEBUG_INFO = NO;
				MTL_FAST_MATH = YES;
				SDKROOT = macosx;
				SWIFT_COMPILATION_MODE = wholemodule;
			};
			name = Release;
		};
		6983946B2BDB8C5A004B5C11 /* Debug */ = {
			isa = XCBuildConfiguration;
			buildSettings = {
				ASSETCATALOG_COMPILER_APPICON_NAME = AppIcon;
				ASSETCATALOG_COMPILER_GLOBAL_ACCENT_COLOR_NAME = AccentColor;
				CODE_SIGN_ENTITLEMENTS = AppUpdaterExample/AppUpdaterExample.entitlements;
				CODE_SIGN_STYLE = Automatic;
				COMBINE_HIDPI_IMAGES = YES;
				CURRENT_PROJECT_VERSION = 10000;
				DEVELOPMENT_ASSET_PATHS = "\"AppUpdaterExample/Preview Content\"";
				DEVELOPMENT_TEAM = JDZMWLF652;
				ENABLE_HARDENED_RUNTIME = YES;
				ENABLE_PREVIEWS = YES;
				GENERATE_INFOPLIST_FILE = YES;
				INFOPLIST_KEY_NSHumanReadableCopyright = "";
				LD_RUNPATH_SEARCH_PATHS = (
					"$(inherited)",
					"@executable_path/../Frameworks",
				);
				MACOSX_DEPLOYMENT_TARGET = 13.0;
				MARKETING_VERSION = 1;
				PRODUCT_BUNDLE_IDENTIFIER = com.gokoding.AppUpdaterExample;
				PRODUCT_NAME = "$(TARGET_NAME)";
				SWIFT_EMIT_LOC_STRINGS = YES;
				SWIFT_VERSION = 5.0;
			};
			name = Debug;
		};
		6983946C2BDB8C5A004B5C11 /* Release */ = {
			isa = XCBuildConfiguration;
			buildSettings = {
				ASSETCATALOG_COMPILER_APPICON_NAME = AppIcon;
				ASSETCATALOG_COMPILER_GLOBAL_ACCENT_COLOR_NAME = AccentColor;
				CODE_SIGN_ENTITLEMENTS = AppUpdaterExample/AppUpdaterExample.entitlements;
				CODE_SIGN_STYLE = Automatic;
				COMBINE_HIDPI_IMAGES = YES;
				CURRENT_PROJECT_VERSION = 10000;
				DEVELOPMENT_ASSET_PATHS = "\"AppUpdaterExample/Preview Content\"";
				DEVELOPMENT_TEAM = JDZMWLF652;
				ENABLE_HARDENED_RUNTIME = YES;
				ENABLE_PREVIEWS = YES;
				GENERATE_INFOPLIST_FILE = YES;
				INFOPLIST_KEY_NSHumanReadableCopyright = "";
				LD_RUNPATH_SEARCH_PATHS = (
					"$(inherited)",
					"@executable_path/../Frameworks",
				);
				MACOSX_DEPLOYMENT_TARGET = 13.0;
				MARKETING_VERSION = 1;
				PRODUCT_BUNDLE_IDENTIFIER = com.gokoding.AppUpdaterExample;
				PRODUCT_NAME = "$(TARGET_NAME)";
				SWIFT_EMIT_LOC_STRINGS = YES;
				SWIFT_VERSION = 5.0;
			};
			name = Release;
		};
/* End XCBuildConfiguration section */

/* Begin XCConfigurationList section */
		698394562BDB8C58004B5C11 /* Build configuration list for PBXProject "AppUpdaterExample" */ = {
			isa = XCConfigurationList;
			buildConfigurations = (
				698394682BDB8C5A004B5C11 /* Debug */,
				698394692BDB8C5A004B5C11 /* Release */,
			);
			defaultConfigurationIsVisible = 0;
			defaultConfigurationName = Release;
		};
		6983946A2BDB8C5A004B5C11 /* Build configuration list for PBXNativeTarget "AppUpdaterExample" */ = {
			isa = XCConfigurationList;
			buildConfigurations = (
				6983946B2BDB8C5A004B5C11 /* Debug */,
				6983946C2BDB8C5A004B5C11 /* Release */,
			);
			defaultConfigurationIsVisible = 0;
			defaultConfigurationName = Release;
		};
/* End XCConfigurationList section */

/* Begin XCSwiftPackageProductDependency section */
		698394732BDB8D3B004B5C11 /* AppUpdater */ = {
			isa = XCSwiftPackageProductDependency;
			productName = AppUpdater;
		};
/* End XCSwiftPackageProductDependency section */
	};
	rootObject = 698394532BDB8C58004B5C11 /* Project object */;
}
